
Microsoft Visual Studio Solution File, Format Version 12.00
# Visual Studio Version 17
VisualStudioVersion = 17.14.36414.22 d17.14
MinimumVisualStudioVersion = 10.0.40219.1
Project("{FAE04EC0-301F-11D3-BF4B-00C04F79EFBC}") = "QuanLyThuVien", "QuanLyThuVien\QuanLyThuVien.csproj", "{9082AEA3-DB9A-4B85-B753-37EBCDFB527A}"
EndProject
Global
	GlobalSection(SolutionConfigurationPlatforms) = preSolution
		Debug|Any CPU = Debug|Any CPU
		Release|Any CPU = Release|Any CPU
	EndGlobalSection
	GlobalSection(ProjectConfigurationPlatforms) = postSolution
		{9082AEA3-DB9A-4B85-B753-37EBCDFB527A}.Debug|Any CPU.ActiveCfg = Debug|Any CPU
		{9082AEA3-DB9A-4B85-B753-37EBCDFB527A}.Debug|Any CPU.Build.0 = Debug|Any CPU
		{9082AEA3-DB9A-4B85-B753-37EBCDFB527A}.Release|Any CPU.ActiveCfg = Release|Any CPU
		{9082AEA3-DB9A-4B85-B753-37EBCDFB527A}.Release|Any CPU.Build.0 = Release|Any CPU
	EndGlobalSection
	GlobalSection(SolutionProperties) = preSolution
		HideSolutionNode = FALSE
	EndGlobalSection
	GlobalSection(ExtensibilityGlobals) = postSolution
		SolutionGuid = {8A1D4331-B205-404F-8573-18C4DD59369D}
	EndGlobalSection
EndGlobal
